
Microsoft Visual Studio Solution File, Format Version 12.00
# Visual Studio Version 17
VisualStudioVersion = 17.3.32922.545
MinimumVisualStudioVersion = 10.0.40219.1
Project("{FAE04EC0-301F-11D3-BF4B-00C04F79EFBC}") = "BirthdayReminder", "BirthdayReminder\BirthdayReminder.csproj", "{13FF83ED-E3E5-4145-BB7D-C87EE732B3CA}"
EndProject
Project("{FAE04EC0-301F-11D3-BF4B-00C04F79EFBC}") = "UnitTesting", "UnitTesting\UnitTesting.csproj", "{3D55AC04-55DA-4EB0-B80C-095AEC3683FA}"
EndProject
Global
	GlobalSection(SolutionConfigurationPlatforms) = preSolution
		Debug|Any CPU = Debug|Any CPU
		Release|Any CPU = Release|Any CPU
	EndGlobalSection
	GlobalSection(ProjectConfigurationPlatforms) = postSolution
		{13FF83ED-E3E5-4145-BB7D-C87EE732B3CA}.Debug|Any CPU.ActiveCfg = Debug|Any CPU
		{13FF83ED-E3E5-4145-BB7D-C87EE732B3CA}.Debug|Any CPU.Build.0 = Debug|Any CPU
		{13FF83ED-E3E5-4145-BB7D-C87EE732B3CA}.Release|Any CPU.ActiveCfg = Release|Any CPU
		{13FF83ED-E3E5-4145-BB7D-C87EE732B3CA}.Release|Any CPU.Build.0 = Release|Any CPU
		{3D55AC04-55DA-4EB0-B80C-095AEC3683FA}.Debug|Any CPU.ActiveCfg = Debug|Any CPU
		{3D55AC04-55DA-4EB0-B80C-095AEC3683FA}.Debug|Any CPU.Build.0 = Debug|Any CPU
		{3D55AC04-55DA-4EB0-B80C-095AEC3683FA}.Release|Any CPU.ActiveCfg = Release|Any CPU
		{3D55AC04-55DA-4EB0-B80C-095AEC3683FA}.Release|Any CPU.Build.0 = Release|Any CPU
	EndGlobalSection
	GlobalSection(SolutionProperties) = preSolution
		HideSolutionNode = FALSE
	EndGlobalSection
	GlobalSection(ExtensibilityGlobals) = postSolution
		SolutionGuid = {3C1C82A1-1C6D-48E8-A283-B60297B402DA}
	EndGlobalSection
EndGlobal
